
Microsoft Visual Studio Solution File, Format Version 12.00
# Visual Studio Version 17
VisualStudioVersion = 17.5.33530.505
MinimumVisualStudioVersion = 10.0.40219.1
Project("{9A19103F-16F7-4668-BE54-9A1E7A4F7556}") = "01.ClassBoxData", "01.ClassBoxData\01.ClassBoxData.csproj", "{502FF2DB-E3F6-414E-BAD8-D22B7ACD35F3}"
EndProject
Project("{9A19103F-16F7-4668-BE54-9A1E7A4F7556}") = "03.ShoppingSpree", "03.ShoppingSpree\03.ShoppingSpree.csproj", "{9F09E128-F152-475B-AA2E-5E1BE00604ED}"
EndProject
Project("{FAE04EC0-301F-11D3-BF4B-00C04F79EFBC}") = "04.PizzaCalories", "04.PizzaCalories\04.PizzaCalories.csproj", "{A4CF379B-15BB-459B-8C62-3D6D2E2FB1FD}"
EndProject
Global
	GlobalSection(SolutionConfigurationPlatforms) = preSolution
		Debug|Any CPU = Debug|Any CPU
		Release|Any CPU = Release|Any CPU
	EndGlobalSection
	GlobalSection(ProjectConfigurationPlatforms) = postSolution
		{502FF2DB-E3F6-414E-BAD8-D22B7ACD35F3}.Debug|Any CPU.ActiveCfg = Debug|Any CPU
		{502FF2DB-E3F6-414E-BAD8-D22B7ACD35F3}.Debug|Any CPU.Build.0 = Debug|Any CPU
		{502FF2DB-E3F6-414E-BAD8-D22B7ACD35F3}.Release|Any CPU.ActiveCfg = Release|Any CPU
		{502FF2DB-E3F6-414E-BAD8-D22B7ACD35F3}.Release|Any CPU.Build.0 = Release|Any CPU
		{9F09E128-F152-475B-AA2E-5E1BE00604ED}.Debug|Any CPU.ActiveCfg = Debug|Any CPU
		{9F09E128-F152-475B-AA2E-5E1BE00604ED}.Debug|Any CPU.Build.0 = Debug|Any CPU
		{9F09E128-F152-475B-AA2E-5E1BE00604ED}.Release|Any CPU.ActiveCfg = Release|Any CPU
		{9F09E128-F152-475B-AA2E-5E1BE00604ED}.Release|Any CPU.Build.0 = Release|Any CPU
		{A4CF379B-15BB-459B-8C62-3D6D2E2FB1FD}.Debug|Any CPU.ActiveCfg = Debug|Any CPU
		{A4CF379B-15BB-459B-8C62-3D6D2E2FB1FD}.Debug|Any CPU.Build.0 = Debug|Any CPU
		{A4CF379B-15BB-459B-8C62-3D6D2E2FB1FD}.Release|Any CPU.ActiveCfg = Release|Any CPU
		{A4CF379B-15BB-459B-8C62-3D6D2E2FB1FD}.Release|Any CPU.Build.0 = Release|Any CPU
	EndGlobalSection
	GlobalSection(SolutionProperties) = preSolution
		HideSolutionNode = FALSE
	EndGlobalSection
	GlobalSection(ExtensibilityGlobals) = postSolution
		SolutionGuid = {D54E13BE-5636-4FD3-B636-3136EEBAB5A6}
	EndGlobalSection
EndGlobal
